
Microsoft Visual Studio Solution File, Format Version 12.00
# Visual Studio Version 16
VisualStudioVersion = 16.0.32929.386
MinimumVisualStudioVersion = 10.0.40219.1
Project("{C9674DCB-5085-4A16-B785-4C70DD1589BD}") = "Analize_de_vendas", "Analize_de_vendas\Analize_de_vendas.dtproj", "{84E54446-321D-4AAE-8888-875EE5B5A3F3}"
EndProject
Global
	GlobalSection(SolutionConfigurationPlatforms) = preSolution
		Development|Default = Development|Default
	EndGlobalSection
	GlobalSection(ProjectConfigurationPlatforms) = postSolution
		{84E54446-321D-4AAE-8888-875EE5B5A3F3}.Development|Default.ActiveCfg = Development
		{84E54446-321D-4AAE-8888-875EE5B5A3F3}.Development|Default.Build.0 = Development
	EndGlobalSection
	GlobalSection(SolutionProperties) = preSolution
		HideSolutionNode = FALSE
	EndGlobalSection
	GlobalSection(ExtensibilityGlobals) = postSolution
		SolutionGuid = {D3CA46FA-77D3-4459-9FA8-D52F57787D7E}
	EndGlobalSection
EndGlobal
